
Microsoft Visual Studio Solution File, Format Version 12.00
# Visual Studio Version 17
VisualStudioVersion = 17.12.35209.166
MinimumVisualStudioVersion = 10.0.40219.1
Project("{2150E333-8FDC-42A3-9474-1A3956D46DE8}") = "src", "src", "{4AA19F32-F5BC-4F06-A94F-6187A90DBCC0}"
EndProject
Project("{2150E333-8FDC-42A3-9474-1A3956D46DE8}") = "Solution Items", "Solution Items", "{99C64B28-98AD-433D-86BA-59B522F47FBF}"
	ProjectSection(SolutionItems) = preProject
		README.md = README.md
	EndProjectSection
EndProject
Project("{2150E333-8FDC-42A3-9474-1A3956D46DE8}") = "documentation", "documentation", "{CFB044A6-7069-46D8-A06C-65A85ADDC99A}"
	ProjectSection(SolutionItems) = preProject
		documentation\A.txt = documentation\A.txt
	EndProjectSection
EndProject
Project("{2150E333-8FDC-42A3-9474-1A3956D46DE8}") = "images", "images", "{CF9D3A78-903A-4E37-9B22-65A17B8BE9BD}"
EndProject
Project("{2150E333-8FDC-42A3-9474-1A3956D46DE8}") = "tests", "tests", "{8C7FAFEF-373E-4F13-A173-C0742271E6D5}"
	ProjectSection(SolutionItems) = preProject
		tests\A.txt = tests\A.txt
	EndProjectSection
EndProject
Project("{FAE04EC0-301F-11D3-BF4B-00C04F79EFBC}") = "GlobomanticsCookieAuth.Web", "src\GlobomanticsCookieAuth.Web\GlobomanticsCookieAuth.Web.csproj", "{978BDC97-BB66-41B3-9B2E-F0C501DD80BC}"
EndProject
Project("{FAE04EC0-301F-11D3-BF4B-00C04F79EFBC}") = "Globomantics.Data", "src\Globomantics.Data\Globomantics.Data.csproj", "{18D01980-948E-4A15-B533-254938B8CDCF}"
EndProject
Project("{FAE04EC0-301F-11D3-BF4B-00C04F79EFBC}") = "Globomantics.ApplicationCore", "src\Globomantics.ApplicationCore\Globomantics.ApplicationCore.csproj", "{AAA65830-8AA7-43A9-B7F9-B50F94284064}"
EndProject
Project("{FAE04EC0-301F-11D3-BF4B-00C04F79EFBC}") = "Globomantics.Repositories", "src\Globomantics.Repositories\Globomantics.Repositories.csproj", "{8FA32633-258F-4F33-9140-19674E51CCE4}"
EndProject
Global
	GlobalSection(SolutionConfigurationPlatforms) = preSolution
		Debug|Any CPU = Debug|Any CPU
		Release|Any CPU = Release|Any CPU
	EndGlobalSection
	GlobalSection(ProjectConfigurationPlatforms) = postSolution
		{978BDC97-BB66-41B3-9B2E-F0C501DD80BC}.Debug|Any CPU.ActiveCfg = Debug|Any CPU
		{978BDC97-BB66-41B3-9B2E-F0C501DD80BC}.Debug|Any CPU.Build.0 = Debug|Any CPU
		{978BDC97-BB66-41B3-9B2E-F0C501DD80BC}.Release|Any CPU.ActiveCfg = Release|Any CPU
		{978BDC97-BB66-41B3-9B2E-F0C501DD80BC}.Release|Any CPU.Build.0 = Release|Any CPU
		{18D01980-948E-4A15-B533-254938B8CDCF}.Debug|Any CPU.ActiveCfg = Debug|Any CPU
		{18D01980-948E-4A15-B533-254938B8CDCF}.Debug|Any CPU.Build.0 = Debug|Any CPU
		{18D01980-948E-4A15-B533-254938B8CDCF}.Release|Any CPU.ActiveCfg = Release|Any CPU
		{18D01980-948E-4A15-B533-254938B8CDCF}.Release|Any CPU.Build.0 = Release|Any CPU
		{AAA65830-8AA7-43A9-B7F9-B50F94284064}.Debug|Any CPU.ActiveCfg = Debug|Any CPU
		{AAA65830-8AA7-43A9-B7F9-B50F94284064}.Debug|Any CPU.Build.0 = Debug|Any CPU
		{AAA65830-8AA7-43A9-B7F9-B50F94284064}.Release|Any CPU.ActiveCfg = Release|Any CPU
		{AAA65830-8AA7-43A9-B7F9-B50F94284064}.Release|Any CPU.Build.0 = Release|Any CPU
		{8FA32633-258F-4F33-9140-19674E51CCE4}.Debug|Any CPU.ActiveCfg = Debug|Any CPU
		{8FA32633-258F-4F33-9140-19674E51CCE4}.Debug|Any CPU.Build.0 = Debug|Any CPU
		{8FA32633-258F-4F33-9140-19674E51CCE4}.Release|Any CPU.ActiveCfg = Release|Any CPU
		{8FA32633-258F-4F33-9140-19674E51CCE4}.Release|Any CPU.Build.0 = Release|Any CPU
	EndGlobalSection
	GlobalSection(SolutionProperties) = preSolution
		HideSolutionNode = FALSE
	EndGlobalSection
	GlobalSection(NestedProjects) = preSolution
		{CF9D3A78-903A-4E37-9B22-65A17B8BE9BD} = {CFB044A6-7069-46D8-A06C-65A85ADDC99A}
		{978BDC97-BB66-41B3-9B2E-F0C501DD80BC} = {4AA19F32-F5BC-4F06-A94F-6187A90DBCC0}
		{18D01980-948E-4A15-B533-254938B8CDCF} = {4AA19F32-F5BC-4F06-A94F-6187A90DBCC0}
		{AAA65830-8AA7-43A9-B7F9-B50F94284064} = {4AA19F32-F5BC-4F06-A94F-6187A90DBCC0}
		{8FA32633-258F-4F33-9140-19674E51CCE4} = {4AA19F32-F5BC-4F06-A94F-6187A90DBCC0}
	EndGlobalSection
	GlobalSection(ExtensibilityGlobals) = postSolution
		SolutionGuid = {F2E4D5D5-5110-4C93-B033-21702A6DEBCF}
	EndGlobalSection
EndGlobal
